// !$*UTF8*$!
{
	archiveVersion = 1;
	classes = {
	};
	objectVersion = 50;
	objects = {

/* Begin PBXBuildFile section */
		5B530FA125668575006A626A /* SingerTableViewCell.swift in Sources */ = {isa = PBXBuildFile; fileRef = 5B530FA025668575006A626A /* SingerTableViewCell.swift */; };
		5B530FA325668614006A626A /* TitleTableViewCell.swift in Sources */ = {isa = PBXBuildFile; fileRef = 5B530FA225668614006A626A /* TitleTableViewCell.swift */; };
		5B530FA52566ABD2006A626A /* AlbumImageTableViewCell.swift in Sources */ = {isa = PBXBuildFile; fileRef = 5B530FA42566ABD2006A626A /* AlbumImageTableViewCell.swift */; };
		5B530FA82566CCD5006A626A /* LyricsTableViewCell.swift in Sources */ = {isa = PBXBuildFile; fileRef = 5B530FA72566CCD5006A626A /* LyricsTableViewCell.swift */; };
		5B530FAA2566CCE9006A626A /* SeekBarTableViewCell.swift in Sources */ = {isa = PBXBuildFile; fileRef = 5B530FA92566CCE9006A626A /* SeekBarTableViewCell.swift */; };
		5B530FAC2566CCF7006A626A /* PlayerTableViewCell.swift in Sources */ = {isa = PBXBuildFile; fileRef = 5B530FAB2566CCF7006A626A /* PlayerTableViewCell.swift */; };
		5B5D7F36256595F0003E1BE4 /* AppDelegate.swift in Sources */ = {isa = PBXBuildFile; fileRef = 5B5D7F35256595F0003E1BE4 /* AppDelegate.swift */; };
		5B5D7F38256595F0003E1BE4 /* SceneDelegate.swift in Sources */ = {isa = PBXBuildFile; fileRef = 5B5D7F37256595F0003E1BE4 /* SceneDelegate.swift */; };
		5B5D7F3D256595F0003E1BE4 /* Main.storyboard in Resources */ = {isa = PBXBuildFile; fileRef = 5B5D7F3B256595F0003E1BE4 /* Main.storyboard */; };
		5B5D7F3F256595F0003E1BE4 /* Assets.xcassets in Resources */ = {isa = PBXBuildFile; fileRef = 5B5D7F3E256595F0003E1BE4 /* Assets.xcassets */; };
		5B5D7F42256595F0003E1BE4 /* LaunchScreen.storyboard in Resources */ = {isa = PBXBuildFile; fileRef = 5B5D7F40256595F0003E1BE4 /* LaunchScreen.storyboard */; };
		5B5D7F5125659F24003E1BE4 /* MusicPlayerViewModel.swift in Sources */ = {isa = PBXBuildFile; fileRef = 5B5D7F5025659F24003E1BE4 /* MusicPlayerViewModel.swift */; };
		5B5D7F5425659F50003E1BE4 /* Dynamic.swift in Sources */ = {isa = PBXBuildFile; fileRef = 5B5D7F5325659F50003E1BE4 /* Dynamic.swift */; };
		5B5D7F5625659F76003E1BE4 /* BindingTextField.swift in Sources */ = {isa = PBXBuildFile; fileRef = 5B5D7F5525659F76003E1BE4 /* BindingTextField.swift */; };
		5B5D7F5825659FD8003E1BE4 /* MusicPlayerViewController.swift in Sources */ = {isa = PBXBuildFile; fileRef = 5B5D7F5725659FD8003E1BE4 /* MusicPlayerViewController.swift */; };
		5B5D7F5A2565A035003E1BE4 /* MusicModel.swift in Sources */ = {isa = PBXBuildFile; fileRef = 5B5D7F592565A035003E1BE4 /* MusicModel.swift */; };
		5BDA5B5F2567B6C4000CFB57 /* MainMusicViewController.swift in Sources */ = {isa = PBXBuildFile; fileRef = 5BDA5B5E2567B6C4000CFB57 /* MainMusicViewController.swift */; };
/* End PBXBuildFile section */

/* Begin PBXFileReference section */
		5B530FA025668575006A626A /* SingerTableViewCell.swift */ = {isa = PBXFileReference; lastKnownFileType = sourcecode.swift; path = SingerTableViewCell.swift; sourceTree = "<group>"; };
		5B530FA225668614006A626A /* TitleTableViewCell.swift */ = {isa = PBXFileReference; lastKnownFileType = sourcecode.swift; path = TitleTableViewCell.swift; sourceTree = "<group>"; };
		5B530FA42566ABD2006A626A /* AlbumImageTableViewCell.swift */ = {isa = PBXFileReference; lastKnownFileType = sourcecode.swift; path = AlbumImageTableViewCell.swift; sourceTree = "<group>"; };
		5B530FA72566CCD5006A626A /* LyricsTableViewCell.swift */ = {isa = PBXFileReference; lastKnownFileType = sourcecode.swift; path = LyricsTableViewCell.swift; sourceTree = "<group>"; };
		5B530FA92566CCE9006A626A /* SeekBarTableViewCell.swift */ = {isa = PBXFileReference; lastKnownFileType = sourcecode.swift; path = SeekBarTableViewCell.swift; sourceTree = "<group>"; };
		5B530FAB2566CCF7006A626A /* PlayerTableViewCell.swift */ = {isa = PBXFileReference; lastKnownFileType = sourcecode.swift; path = PlayerTableViewCell.swift; sourceTree = "<group>"; };
		5B5D7F32256595F0003E1BE4 /* FLO_SY.app */ = {isa = PBXFileReference; explicitFileType = wrapper.application; includeInIndex = 0; path = FLO_SY.app; sourceTree = BUILT_PRODUCTS_DIR; };
		5B5D7F35256595F0003E1BE4 /* AppDelegate.swift */ = {isa = PBXFileReference; lastKnownFileType = sourcecode.swift; path = AppDelegate.swift; sourceTree = "<group>"; };
		5B5D7F37256595F0003E1BE4 /* SceneDelegate.swift */ = {isa = PBXFileReference; lastKnownFileType = sourcecode.swift; path = SceneDelegate.swift; sourceTree = "<group>"; };
		5B5D7F3C256595F0003E1BE4 /* Base */ = {isa = PBXFileReference; lastKnownFileType = file.storyboard; name = Base; path = Base.lproj/Main.storyboard; sourceTree = "<group>"; };
		5B5D7F3E256595F0003E1BE4 /* Assets.xcassets */ = {isa = PBXFileReference; lastKnownFileType = folder.assetcatalog; path = Assets.xcassets; sourceTree = "<group>"; };
		5B5D7F41256595F0003E1BE4 /* Base */ = {isa = PBXFileReference; lastKnownFileType = file.storyboard; name = Base; path = Base.lproj/LaunchScreen.storyboard; sourceTree = "<group>"; };
		5B5D7F43256595F0003E1BE4 /* Info.plist */ = {isa = PBXFileReference; lastKnownFileType = text.plist.xml; path = Info.plist; sourceTree = "<group>"; };
		5B5D7F5025659F24003E1BE4 /* MusicPlayerViewModel.swift */ = {isa = PBXFileReference; lastKnownFileType = sourcecode.swift; path = MusicPlayerViewModel.swift; sourceTree = "<group>"; };
		5B5D7F5325659F50003E1BE4 /* Dynamic.swift */ = {isa = PBXFileReference; lastKnownFileType = sourcecode.swift; path = Dynamic.swift; sourceTree = "<group>"; };
		5B5D7F5525659F76003E1BE4 /* BindingTextField.swift */ = {isa = PBXFileReference; lastKnownFileType = sourcecode.swift; path = BindingTextField.swift; sourceTree = "<group>"; };
		5B5D7F5725659FD8003E1BE4 /* MusicPlayerViewController.swift */ = {isa = PBXFileReference; lastKnownFileType = sourcecode.swift; path = MusicPlayerViewController.swift; sourceTree = "<group>"; };
		5B5D7F592565A035003E1BE4 /* MusicModel.swift */ = {isa = PBXFileReference; lastKnownFileType = sourcecode.swift; path = MusicModel.swift; sourceTree = "<group>"; };
		5BDA5B5E2567B6C4000CFB57 /* MainMusicViewController.swift */ = {isa = PBXFileReference; lastKnownFileType = sourcecode.swift; path = MainMusicViewController.swift; sourceTree = "<group>"; };
/* End PBXFileReference section */

/* Begin PBXFrameworksBuildPhase section */
		5B5D7F2F256595F0003E1BE4 /* Frameworks */ = {
			isa = PBXFrameworksBuildPhase;
			buildActionMask = 2147483647;
			files = (
			);
			runOnlyForDeploymentPostprocessing = 0;
		};
/* End PBXFrameworksBuildPhase section */

/* Begin PBXGroup section */
		5B530F9F25666903006A626A /* Cell */ = {
			isa = PBXGroup;
			children = (
				5B530FA225668614006A626A /* TitleTableViewCell.swift */,
				5B530FA025668575006A626A /* SingerTableViewCell.swift */,
				5B530FA42566ABD2006A626A /* AlbumImageTableViewCell.swift */,
				5B530FA72566CCD5006A626A /* LyricsTableViewCell.swift */,
				5B530FA92566CCE9006A626A /* SeekBarTableViewCell.swift */,
				5B530FAB2566CCF7006A626A /* PlayerTableViewCell.swift */,
			);
			path = Cell;
			sourceTree = "<group>";
		};
		5B530FA62566CCA8006A626A /* Storyboard */ = {
			isa = PBXGroup;
			children = (
				5B5D7F40256595F0003E1BE4 /* LaunchScreen.storyboard */,
				5B5D7F3B256595F0003E1BE4 /* Main.storyboard */,
			);
			path = Storyboard;
			sourceTree = "<group>";
		};
		5B5D7F29256595EF003E1BE4 = {
			isa = PBXGroup;
			children = (
				5B5D7F34256595F0003E1BE4 /* SyFLO */,
				5B5D7F33256595F0003E1BE4 /* Products */,
			);
			sourceTree = "<group>";
		};
		5B5D7F33256595F0003E1BE4 /* Products */ = {
			isa = PBXGroup;
			children = (
				5B5D7F32256595F0003E1BE4 /* FLO_SY.app */,
			);
			name = Products;
			sourceTree = "<group>";
		};
		5B5D7F34256595F0003E1BE4 /* SyFLO */ = {
			isa = PBXGroup;
			children = (
				5B5D7F5225659F31003E1BE4 /* Binding Tool */,
				5B5D7F4B25659AE4003E1BE4 /* Model */,
				5B5D7F4A25659AC8003E1BE4 /* ViewModel */,
				5B5D7F4925659AC0003E1BE4 /* View */,
				5B5D7F35256595F0003E1BE4 /* AppDelegate.swift */,
				5B5D7F37256595F0003E1BE4 /* SceneDelegate.swift */,
				5B5D7F3E256595F0003E1BE4 /* Assets.xcassets */,
				5B5D7F43256595F0003E1BE4 /* Info.plist */,
			);
			path = SyFLO;
			sourceTree = "<group>";
		};
		5B5D7F4925659AC0003E1BE4 /* View */ = {
			isa = PBXGroup;
			children = (
				5B530FA62566CCA8006A626A /* Storyboard */,
				5B530F9F25666903006A626A /* Cell */,
				5B5D7F4D25659DB5003E1BE4 /* ViewController */,
			);
			path = View;
			sourceTree = "<group>";
		};
		5B5D7F4A25659AC8003E1BE4 /* ViewModel */ = {
			isa = PBXGroup;
			children = (
				5B5D7F5025659F24003E1BE4 /* MusicPlayerViewModel.swift */,
			);
			path = ViewModel;
			sourceTree = "<group>";
		};
		5B5D7F4B25659AE4003E1BE4 /* Model */ = {
			isa = PBXGroup;
			children = (
				5B5D7F592565A035003E1BE4 /* MusicModel.swift */,
			);
			path = Model;
			sourceTree = "<group>";
		};
		5B5D7F4D25659DB5003E1BE4 /* ViewController */ = {
			isa = PBXGroup;
			children = (
				5B5D7F5725659FD8003E1BE4 /* MusicPlayerViewController.swift */,
				5BDA5B5E2567B6C4000CFB57 /* MainMusicViewController.swift */,
			);
			path = ViewController;
			sourceTree = "<group>";
		};
		5B5D7F5225659F31003E1BE4 /* Binding Tool */ = {
			isa = PBXGroup;
			children = (
				5B5D7F5325659F50003E1BE4 /* Dynamic.swift */,
				5B5D7F5525659F76003E1BE4 /* BindingTextField.swift */,
			);
			path = "Binding Tool";
			sourceTree = "<group>";
		};
/* End PBXGroup section */

/* Begin PBXNativeTarget section */
		5B5D7F31256595F0003E1BE4 /* SyFLO */ = {
			isa = PBXNativeTarget;
			buildConfigurationList = 5B5D7F46256595F0003E1BE4 /* Build configuration list for PBXNativeTarget "SyFLO" */;
			buildPhases = (
				5B5D7F2E256595F0003E1BE4 /* Sources */,
				5B5D7F2F256595F0003E1BE4 /* Frameworks */,
				5B5D7F30256595F0003E1BE4 /* Resources */,
			);
			buildRules = (
			);
			dependencies = (
			);
			name = SyFLO;
			productName = SyFLO;
			productReference = 5B5D7F32256595F0003E1BE4 /* FLO_SY.app */;
			productType = "com.apple.product-type.application";
		};
/* End PBXNativeTarget section */

/* Begin PBXProject section */
		5B5D7F2A256595EF003E1BE4 /* Project object */ = {
			isa = PBXProject;
			attributes = {
				LastSwiftUpdateCheck = 1130;
				LastUpgradeCheck = 1130;
				ORGANIZATIONNAME = "박성영";
				TargetAttributes = {
					5B5D7F31256595F0003E1BE4 = {
						CreatedOnToolsVersion = 11.3;
					};
				};
			};
			buildConfigurationList = 5B5D7F2D256595EF003E1BE4 /* Build configuration list for PBXProject "SyFLO" */;
			compatibilityVersion = "Xcode 9.3";
			developmentRegion = en;
			hasScannedForEncodings = 0;
			knownRegions = (
				en,
				Base,
			);
			mainGroup = 5B5D7F29256595EF003E1BE4;
			productRefGroup = 5B5D7F33256595F0003E1BE4 /* Products */;
			projectDirPath = "";
			projectRoot = "";
			targets = (
				5B5D7F31256595F0003E1BE4 /* SyFLO */,
			);
		};
/* End PBXProject section */

/* Begin PBXResourcesBuildPhase section */
		5B5D7F30256595F0003E1BE4 /* Resources */ = {
			isa = PBXResourcesBuildPhase;
			buildActionMask = 2147483647;
			files = (
				5B5D7F42256595F0003E1BE4 /* LaunchScreen.storyboard in Resources */,
				5B5D7F3F256595F0003E1BE4 /* Assets.xcassets in Resources */,
				5B5D7F3D256595F0003E1BE4 /* Main.storyboard in Resources */,
			);
			runOnlyForDeploymentPostprocessing = 0;
		};
/* End PBXResourcesBuildPhase section */

/* Begin PBXSourcesBuildPhase section */
		5B5D7F2E256595F0003E1BE4 /* Sources */ = {
			isa = PBXSourcesBuildPhase;
			buildActionMask = 2147483647;
			files = (
				5B530FA82566CCD5006A626A /* LyricsTableViewCell.swift in Sources */,
				5B530FAA2566CCE9006A626A /* SeekBarTableViewCell.swift in Sources */,
				5B5D7F36256595F0003E1BE4 /* AppDelegate.swift in Sources */,
				5B5D7F5A2565A035003E1BE4 /* MusicModel.swift in Sources */,
				5B5D7F5825659FD8003E1BE4 /* MusicPlayerViewController.swift in Sources */,
				5B5D7F5425659F50003E1BE4 /* Dynamic.swift in Sources */,
				5B530FAC2566CCF7006A626A /* PlayerTableViewCell.swift in Sources */,
				5B5D7F5625659F76003E1BE4 /* BindingTextField.swift in Sources */,
				5B5D7F38256595F0003E1BE4 /* SceneDelegate.swift in Sources */,
				5B5D7F5125659F24003E1BE4 /* MusicPlayerViewModel.swift in Sources */,
				5B530FA52566ABD2006A626A /* AlbumImageTableViewCell.swift in Sources */,
				5BDA5B5F2567B6C4000CFB57 /* MainMusicViewController.swift in Sources */,
				5B530FA325668614006A626A /* TitleTableViewCell.swift in Sources */,
				5B530FA125668575006A626A /* SingerTableViewCell.swift in Sources */,
			);
			runOnlyForDeploymentPostprocessing = 0;
		};
/* End PBXSourcesBuildPhase section */

/* Begin PBXVariantGroup section */
		5B5D7F3B256595F0003E1BE4 /* Main.storyboard */ = {
			isa = PBXVariantGroup;
			children = (
				5B5D7F3C256595F0003E1BE4 /* Base */,
			);
			name = Main.storyboard;
			sourceTree = "<group>";
		};
		5B5D7F40256595F0003E1BE4 /* LaunchScreen.storyboard */ = {
			isa = PBXVariantGroup;
			children = (
				5B5D7F41256595F0003E1BE4 /* Base */,
			);
			name = LaunchScreen.storyboard;
			sourceTree = "<group>";
		};
/* End PBXVariantGroup section */

/* Begin XCBuildConfiguration section */
		5B5D7F44256595F0003E1BE4 /* Debug */ = {
			isa = XCBuildConfiguration;
			buildSettings = {
				ALWAYS_SEARCH_USER_PATHS = NO;
				CLANG_ANALYZER_NONNULL = YES;
				CLANG_ANALYZER_NUMBER_OBJECT_CONVERSION = YES_AGGRESSIVE;
				CLANG_CXX_LANGUAGE_STANDARD = "gnu++14";
				CLANG_CXX_LIBRARY = "libc++";
				CLANG_ENABLE_MODULES = YES;
				CLANG_ENABLE_OBJC_ARC = YES;
				CLANG_ENABLE_OBJC_WEAK = YES;
				CLANG_WARN_BLOCK_CAPTURE_AUTORELEASING = YES;
				CLANG_WARN_BOOL_CONVERSION = YES;
				CLANG_WARN_COMMA = YES;
				CLANG_WARN_CONSTANT_CONVERSION = YES;
				CLANG_WARN_DEPRECATED_OBJC_IMPLEMENTATIONS = YES;
				CLANG_WARN_DIRECT_OBJC_ISA_USAGE = YES_ERROR;
				CLANG_WARN_DOCUMENTATION_COMMENTS = YES;
				CLANG_WARN_EMPTY_BODY = YES;
				CLANG_WARN_ENUM_CONVERSION = YES;
				CLANG_WARN_INFINITE_RECURSION = YES;
				CLANG_WARN_INT_CONVERSION = YES;
				CLANG_WARN_NON_LITERAL_NULL_CONVERSION = YES;
				CLANG_WARN_OBJC_IMPLICIT_RETAIN_SELF = YES;
				CLANG_WARN_OBJC_LITERAL_CONVERSION = YES;
				CLANG_WARN_OBJC_ROOT_CLASS = YES_ERROR;
				CLANG_WARN_RANGE_LOOP_ANALYSIS = YES;
				CLANG_WARN_STRICT_PROTOTYPES = YES;
				CLANG_WARN_SUSPICIOUS_MOVE = YES;
				CLANG_WARN_UNGUARDED_AVAILABILITY = YES_AGGRESSIVE;
				CLANG_WARN_UNREACHABLE_CODE = YES;
				CLANG_WARN__DUPLICATE_METHOD_MATCH = YES;
				COPY_PHASE_STRIP = NO;
				DEBUG_INFORMATION_FORMAT = dwarf;
				ENABLE_STRICT_OBJC_MSGSEND = YES;
				ENABLE_TESTABILITY = YES;
				GCC_C_LANGUAGE_STANDARD = gnu11;
				GCC_DYNAMIC_NO_PIC = NO;
				GCC_NO_COMMON_BLOCKS = YES;
				GCC_OPTIMIZATION_LEVEL = 0;
				GCC_PREPROCESSOR_DEFINITIONS = (
					"DEBUG=1",
					"$(inherited)",
				);
				GCC_WARN_64_TO_32_BIT_CONVERSION = YES;
				GCC_WARN_ABOUT_RETURN_TYPE = YES_ERROR;
				GCC_WARN_UNDECLARED_SELECTOR = YES;
				GCC_WARN_UNINITIALIZED_AUTOS = YES_AGGRESSIVE;
				GCC_WARN_UNUSED_FUNCTION = YES;
				GCC_WARN_UNUSED_VARIABLE = YES;
				IPHONEOS_DEPLOYMENT_TARGET = 13.2;
				MTL_ENABLE_DEBUG_INFO = INCLUDE_SOURCE;
				MTL_FAST_MATH = YES;
				ONLY_ACTIVE_ARCH = YES;
				SDKROOT = iphoneos;
				SWIFT_ACTIVE_COMPILATION_CONDITIONS = DEBUG;
				SWIFT_OPTIMIZATION_LEVEL = "-Onone";
			};
			name = Debug;
		};
		5B5D7F45256595F0003E1BE4 /* Release */ = {
			isa = XCBuildConfiguration;
			buildSettings = {
				ALWAYS_SEARCH_USER_PATHS = NO;
				CLANG_ANALYZER_NONNULL = YES;
				CLANG_ANALYZER_NUMBER_OBJECT_CONVERSION = YES_AGGRESSIVE;
				CLANG_CXX_LANGUAGE_STANDARD = "gnu++14";
				CLANG_CXX_LIBRARY = "libc++";
				CLANG_ENABLE_MODULES = YES;
				CLANG_ENABLE_OBJC_ARC = YES;
				CLANG_ENABLE_OBJC_WEAK = YES;
				CLANG_WARN_BLOCK_CAPTURE_AUTORELEASING = YES;
				CLANG_WARN_BOOL_CONVERSION = YES;
				CLANG_WARN_COMMA = YES;
				CLANG_WARN_CONSTANT_CONVERSION = YES;
				CLANG_WARN_DEPRECATED_OBJC_IMPLEMENTATIONS = YES;
				CLANG_WARN_DIRECT_OBJC_ISA_USAGE = YES_ERROR;
				CLANG_WARN_DOCUMENTATION_COMMENTS = YES;
				CLANG_WARN_EMPTY_BODY = YES;
				CLANG_WARN_ENUM_CONVERSION = YES;
				CLANG_WARN_INFINITE_RECURSION = YES;
				CLANG_WARN_INT_CONVERSION = YES;
				CLANG_WARN_NON_LITERAL_NULL_CONVERSION = YES;
				CLANG_WARN_OBJC_IMPLICIT_RETAIN_SELF = YES;
				CLANG_WARN_OBJC_LITERAL_CONVERSION = YES;
				CLANG_WARN_OBJC_ROOT_CLASS = YES_ERROR;
				CLANG_WARN_RANGE_LOOP_ANALYSIS = YES;
				CLANG_WARN_STRICT_PROTOTYPES = YES;
				CLANG_WARN_SUSPICIOUS_MOVE = YES;
				CLANG_WARN_UNGUARDED_AVAILABILITY = YES_AGGRESSIVE;
				CLANG_WARN_UNREACHABLE_CODE = YES;
				CLANG_WARN__DUPLICATE_METHOD_MATCH = YES;
				COPY_PHASE_STRIP = NO;
				DEBUG_INFORMATION_FORMAT = "dwarf-with-dsym";
				ENABLE_NS_ASSERTIONS = NO;
				ENABLE_STRICT_OBJC_MSGSEND = YES;
				GCC_C_LANGUAGE_STANDARD = gnu11;
				GCC_NO_COMMON_BLOCKS = YES;
				GCC_WARN_64_TO_32_BIT_CONVERSION = YES;
				GCC_WARN_ABOUT_RETURN_TYPE = YES_ERROR;
				GCC_WARN_UNDECLARED_SELECTOR = YES;
				GCC_WARN_UNINITIALIZED_AUTOS = YES_AGGRESSIVE;
				GCC_WARN_UNUSED_FUNCTION = YES;
				GCC_WARN_UNUSED_VARIABLE = YES;
				IPHONEOS_DEPLOYMENT_TARGET = 13.2;
				MTL_ENABLE_DEBUG_INFO = NO;
				MTL_FAST_MATH = YES;
				SDKROOT = iphoneos;
				SWIFT_COMPILATION_MODE = wholemodule;
				SWIFT_OPTIMIZATION_LEVEL = "-O";
				VALIDATE_PRODUCT = YES;
			};
			name = Release;
		};
		5B5D7F47256595F0003E1BE4 /* Debug */ = {
			isa = XCBuildConfiguration;
			buildSettings = {
				ASSETCATALOG_COMPILER_APPICON_NAME = AppIcon;
				CODE_SIGN_STYLE = Automatic;
				DEVELOPMENT_TEAM = VDFGK9GV66;
				INFOPLIST_FILE = SyFLO/Info.plist;
				IPHONEOS_DEPLOYMENT_TARGET = 10.0;
				LD_RUNPATH_SEARCH_PATHS = (
					"$(inherited)",
					"@executable_path/Frameworks",
				);
				PRODUCT_BUNDLE_IDENTIFIER = none.SyFLO;
				PRODUCT_NAME = FLO_SY;
				SWIFT_VERSION = 5.0;
				TARGETED_DEVICE_FAMILY = "1,2";
			};
			name = Debug;
		};
		5B5D7F48256595F0003E1BE4 /* Release */ = {
			isa = XCBuildConfiguration;
			buildSettings = {
				ASSETCATALOG_COMPILER_APPICON_NAME = AppIcon;
				CODE_SIGN_STYLE = Automatic;
				DEVELOPMENT_TEAM = VDFGK9GV66;
				INFOPLIST_FILE = SyFLO/Info.plist;
				IPHONEOS_DEPLOYMENT_TARGET = 10.0;
				LD_RUNPATH_SEARCH_PATHS = (
					"$(inherited)",
					"@executable_path/Frameworks",
				);
				PRODUCT_BUNDLE_IDENTIFIER = none.SyFLO;
				PRODUCT_NAME = FLO_SY;
				SWIFT_VERSION = 5.0;
				TARGETED_DEVICE_FAMILY = "1,2";
			};
			name = Release;
		};
/* End XCBuildConfiguration section */

/* Begin XCConfigurationList section */
		5B5D7F2D256595EF003E1BE4 /* Build configuration list for PBXProject "SyFLO" */ = {
			isa = XCConfigurationList;
			buildConfigurations = (
				5B5D7F44256595F0003E1BE4 /* Debug */,
				5B5D7F45256595F0003E1BE4 /* Release */,
			);
			defaultConfigurationIsVisible = 0;
			defaultConfigurationName = Release;
		};
		5B5D7F46256595F0003E1BE4 /* Build configuration list for PBXNativeTarget "SyFLO" */ = {
			isa = XCConfigurationList;
			buildConfigurations = (
				5B5D7F47256595F0003E1BE4 /* Debug */,
				5B5D7F48256595F0003E1BE4 /* Release */,
			);
			defaultConfigurationIsVisible = 0;
			defaultConfigurationName = Release;
		};
/* End XCConfigurationList section */
	};
	rootObject = 5B5D7F2A256595EF003E1BE4 /* Project object */;
}
